
Microsoft Visual Studio Solution File, Format Version 12.00
# Visual Studio 15
Project("{FAE04EC0-301F-11D3-BF4B-00C04F79EFBC}") = "Assembly-CSharp-firstpass", "Assembly-CSharp-firstpass.csproj", "{CF1423C4-24AC-FAF3-179C-B0563B4113FB}"
EndProject
Project("{FAE04EC0-301F-11D3-BF4B-00C04F79EFBC}") = "Assembly-CSharp", "Assembly-CSharp.csproj", "{0D2CAB01-0846-E00E-497C-DB9D912BFA72}"
EndProject
Global
	GlobalSection(SolutionConfigurationPlatforms) = preSolution
		Debug|Any CPU = Debug|Any CPU
		Release|Any CPU = Release|Any CPU
	EndGlobalSection
	GlobalSection(ProjectConfigurationPlatforms) = postSolution
		{CF1423C4-24AC-FAF3-179C-B0563B4113FB}.Debug|Any CPU.ActiveCfg = Debug|Any CPU
		{CF1423C4-24AC-FAF3-179C-B0563B4113FB}.Debug|Any CPU.Build.0 = Debug|Any CPU
		{CF1423C4-24AC-FAF3-179C-B0563B4113FB}.Release|Any CPU.ActiveCfg = Release|Any CPU
		{CF1423C4-24AC-FAF3-179C-B0563B4113FB}.Release|Any CPU.Build.0 = Release|Any CPU
		{0D2CAB01-0846-E00E-497C-DB9D912BFA72}.Debug|Any CPU.ActiveCfg = Debug|Any CPU
		{0D2CAB01-0846-E00E-497C-DB9D912BFA72}.Debug|Any CPU.Build.0 = Debug|Any CPU
		{0D2CAB01-0846-E00E-497C-DB9D912BFA72}.Release|Any CPU.ActiveCfg = Release|Any CPU
		{0D2CAB01-0846-E00E-497C-DB9D912BFA72}.Release|Any CPU.Build.0 = Release|Any CPU
	EndGlobalSection
	GlobalSection(SolutionProperties) = preSolution
		HideSolutionNode = FALSE
	EndGlobalSection
EndGlobal
